
Microsoft Visual Studio Solution File, Format Version 12.00
# Visual Studio Version 16
VisualStudioVersion = 16.0.29411.108
MinimumVisualStudioVersion = 10.0.40219.1
Project("{FAE04EC0-301F-11D3-BF4B-00C04F79EFBC}") = "DevAssessment.Android", "src\DevAssessment.Android\DevAssessment.Android.csproj", "{9DBEE3E3-4A09-40CF-BA4C-80BEB6AC34B7}"
EndProject
Project("{FAE04EC0-301F-11D3-BF4B-00C04F79EFBC}") = "DevAssessment.iOS", "src\DevAssessment.iOS\DevAssessment.iOS.csproj", "{3F291209-D101-4D87-9598-89F5874C6506}"
EndProject
Project("{9A19103F-16F7-4668-BE54-9A1E7A4F7556}") = "DevAssessment", "src\DevAssessment\DevAssessment.csproj", "{D9ACF5A2-7DBD-4BD1-8854-69F1A9063F42}"
EndProject
Project("{2150E333-8FDC-42A3-9474-1A3956D46DE8}") = "src", "src", "{B05622B7-B9EA-41E0-9D24-CC95535F8C18}"
EndProject
Project("{2150E333-8FDC-42A3-9474-1A3956D46DE8}") = "build", "build", "{D44E34C9-A723-4D5A-AB83-E20687508E3A}"
	ProjectSection(SolutionItems) = preProject
		build\azure-pipelines.yml = build\azure-pipelines.yml
	EndProjectSection
EndProject
Project("{2150E333-8FDC-42A3-9474-1A3956D46DE8}") = "jobs", "jobs", "{D016DF96-51CA-4F4C-872E-EA432B145DBD}"
	ProjectSection(SolutionItems) = preProject
		build\jobs\android.yml = build\jobs\android.yml
		build\jobs\ios.yml = build\jobs\ios.yml
	EndProjectSection
EndProject
Project("{2150E333-8FDC-42A3-9474-1A3956D46DE8}") = "steps", "steps", "{20B305A4-A2B1-404D-9AB6-410C0023C9CF}"
	ProjectSection(SolutionItems) = preProject
		build\steps\nuget.yml = build\steps\nuget.yml
		build\steps\sdks.yml = build\steps\sdks.yml
	EndProjectSection
EndProject
Project("{9A19103F-16F7-4668-BE54-9A1E7A4F7556}") = "DevAssessment.Auth", "DevAssessment.Auth\DevAssessment.Auth.csproj", "{F41D7231-56EB-4F81-8D7D-9EA68803F535}"
EndProject
Project("{9A19103F-16F7-4668-BE54-9A1E7A4F7556}") = "DevAssesment.Admin", "DevAssesment.Admin\DevAssesment.Admin.csproj", "{47FA8C05-0EF9-474E-8902-F8460FFB09C5}"
EndProject
Project("{9A19103F-16F7-4668-BE54-9A1E7A4F7556}") = "HelpersLibrary", "HelpersLibrary\HelpersLibrary.csproj", "{A5CC46E0-2315-4920-AADD-8EC4BE2DF50D}"
EndProject
Project("{FAE04EC0-301F-11D3-BF4B-00C04F79EFBC}") = "Common", "Common\Common.csproj", "{D2DFCCC1-8227-4018-B435-4DD0B12EE914}"
EndProject
Global
	GlobalSection(SolutionConfigurationPlatforms) = preSolution
		Debug|Any CPU = Debug|Any CPU
		Debug|iPhone = Debug|iPhone
		Debug|iPhoneSimulator = Debug|iPhoneSimulator
		Release|Any CPU = Release|Any CPU
		Release|iPhone = Release|iPhone
		Release|iPhoneSimulator = Release|iPhoneSimulator
	EndGlobalSection
	GlobalSection(ProjectConfigurationPlatforms) = postSolution
		{9DBEE3E3-4A09-40CF-BA4C-80BEB6AC34B7}.Debug|Any CPU.ActiveCfg = Debug|Any CPU
		{9DBEE3E3-4A09-40CF-BA4C-80BEB6AC34B7}.Debug|Any CPU.Build.0 = Debug|Any CPU
		{9DBEE3E3-4A09-40CF-BA4C-80BEB6AC34B7}.Debug|Any CPU.Deploy.0 = Debug|Any CPU
		{9DBEE3E3-4A09-40CF-BA4C-80BEB6AC34B7}.Debug|iPhone.ActiveCfg = Debug|Any CPU
		{9DBEE3E3-4A09-40CF-BA4C-80BEB6AC34B7}.Debug|iPhone.Build.0 = Debug|Any CPU
		{9DBEE3E3-4A09-40CF-BA4C-80BEB6AC34B7}.Debug|iPhone.Deploy.0 = Debug|Any CPU
		{9DBEE3E3-4A09-40CF-BA4C-80BEB6AC34B7}.Debug|iPhoneSimulator.ActiveCfg = Debug|Any CPU
		{9DBEE3E3-4A09-40CF-BA4C-80BEB6AC34B7}.Debug|iPhoneSimulator.Build.0 = Debug|Any CPU
		{9DBEE3E3-4A09-40CF-BA4C-80BEB6AC34B7}.Debug|iPhoneSimulator.Deploy.0 = Debug|Any CPU
		{9DBEE3E3-4A09-40CF-BA4C-80BEB6AC34B7}.Release|Any CPU.ActiveCfg = Release|Any CPU
		{9DBEE3E3-4A09-40CF-BA4C-80BEB6AC34B7}.Release|Any CPU.Build.0 = Release|Any CPU
		{9DBEE3E3-4A09-40CF-BA4C-80BEB6AC34B7}.Release|Any CPU.Deploy.0 = Release|Any CPU
		{9DBEE3E3-4A09-40CF-BA4C-80BEB6AC34B7}.Release|iPhone.ActiveCfg = Release|Any CPU
		{9DBEE3E3-4A09-40CF-BA4C-80BEB6AC34B7}.Release|iPhone.Build.0 = Release|Any CPU
		{9DBEE3E3-4A09-40CF-BA4C-80BEB6AC34B7}.Release|iPhone.Deploy.0 = Release|Any CPU
		{9DBEE3E3-4A09-40CF-BA4C-80BEB6AC34B7}.Release|iPhoneSimulator.ActiveCfg = Release|Any CPU
		{9DBEE3E3-4A09-40CF-BA4C-80BEB6AC34B7}.Release|iPhoneSimulator.Build.0 = Release|Any CPU
		{9DBEE3E3-4A09-40CF-BA4C-80BEB6AC34B7}.Release|iPhoneSimulator.Deploy.0 = Release|Any CPU
		{3F291209-D101-4D87-9598-89F5874C6506}.Debug|Any CPU.ActiveCfg = Debug|iPhoneSimulator
		{3F291209-D101-4D87-9598-89F5874C6506}.Debug|Any CPU.Build.0 = Debug|iPhoneSimulator
		{3F291209-D101-4D87-9598-89F5874C6506}.Debug|Any CPU.Deploy.0 = Debug|iPhoneSimulator
		{3F291209-D101-4D87-9598-89F5874C6506}.Debug|iPhone.ActiveCfg = Debug|iPhone
		{3F291209-D101-4D87-9598-89F5874C6506}.Debug|iPhone.Build.0 = Debug|iPhone
		{3F291209-D101-4D87-9598-89F5874C6506}.Debug|iPhone.Deploy.0 = Debug|iPhone
		{3F291209-D101-4D87-9598-89F5874C6506}.Debug|iPhoneSimulator.ActiveCfg = Debug|iPhoneSimulator
		{3F291209-D101-4D87-9598-89F5874C6506}.Debug|iPhoneSimulator.Build.0 = Debug|iPhoneSimulator
		{3F291209-D101-4D87-9598-89F5874C6506}.Debug|iPhoneSimulator.Deploy.0 = Debug|iPhoneSimulator
		{3F291209-D101-4D87-9598-89F5874C6506}.Release|Any CPU.ActiveCfg = Release|iPhone
		{3F291209-D101-4D87-9598-89F5874C6506}.Release|Any CPU.Build.0 = Release|iPhone
		{3F291209-D101-4D87-9598-89F5874C6506}.Release|Any CPU.Deploy.0 = Release|iPhone
		{3F291209-D101-4D87-9598-89F5874C6506}.Release|iPhone.ActiveCfg = Release|iPhone
		{3F291209-D101-4D87-9598-89F5874C6506}.Release|iPhone.Build.0 = Release|iPhone
		{3F291209-D101-4D87-9598-89F5874C6506}.Release|iPhone.Deploy.0 = Release|iPhone
		{3F291209-D101-4D87-9598-89F5874C6506}.Release|iPhoneSimulator.ActiveCfg = Release|iPhoneSimulator
		{3F291209-D101-4D87-9598-89F5874C6506}.Release|iPhoneSimulator.Build.0 = Release|iPhoneSimulator
		{3F291209-D101-4D87-9598-89F5874C6506}.Release|iPhoneSimulator.Deploy.0 = Release|iPhoneSimulator
		{D9ACF5A2-7DBD-4BD1-8854-69F1A9063F42}.Debug|Any CPU.ActiveCfg = Debug|Any CPU
		{D9ACF5A2-7DBD-4BD1-8854-69F1A9063F42}.Debug|Any CPU.Build.0 = Debug|Any CPU
		{D9ACF5A2-7DBD-4BD1-8854-69F1A9063F42}.Debug|Any CPU.Deploy.0 = Debug|Any CPU
		{D9ACF5A2-7DBD-4BD1-8854-69F1A9063F42}.Debug|iPhone.ActiveCfg = Debug|Any CPU
		{D9ACF5A2-7DBD-4BD1-8854-69F1A9063F42}.Debug|iPhone.Build.0 = Debug|Any CPU
		{D9ACF5A2-7DBD-4BD1-8854-69F1A9063F42}.Debug|iPhone.Deploy.0 = Debug|Any CPU
		{D9ACF5A2-7DBD-4BD1-8854-69F1A9063F42}.Debug|iPhoneSimulator.ActiveCfg = Debug|Any CPU
		{D9ACF5A2-7DBD-4BD1-8854-69F1A9063F42}.Debug|iPhoneSimulator.Build.0 = Debug|Any CPU
		{D9ACF5A2-7DBD-4BD1-8854-69F1A9063F42}.Debug|iPhoneSimulator.Deploy.0 = Debug|Any CPU
		{D9ACF5A2-7DBD-4BD1-8854-69F1A9063F42}.Release|Any CPU.ActiveCfg = Release|Any CPU
		{D9ACF5A2-7DBD-4BD1-8854-69F1A9063F42}.Release|Any CPU.Build.0 = Release|Any CPU
		{D9ACF5A2-7DBD-4BD1-8854-69F1A9063F42}.Release|Any CPU.Deploy.0 = Release|Any CPU
		{D9ACF5A2-7DBD-4BD1-8854-69F1A9063F42}.Release|iPhone.ActiveCfg = Release|Any CPU
		{D9ACF5A2-7DBD-4BD1-8854-69F1A9063F42}.Release|iPhone.Build.0 = Release|Any CPU
		{D9ACF5A2-7DBD-4BD1-8854-69F1A9063F42}.Release|iPhone.Deploy.0 = Release|Any CPU
		{D9ACF5A2-7DBD-4BD1-8854-69F1A9063F42}.Release|iPhoneSimulator.ActiveCfg = Release|Any CPU
		{D9ACF5A2-7DBD-4BD1-8854-69F1A9063F42}.Release|iPhoneSimulator.Build.0 = Release|Any CPU
		{D9ACF5A2-7DBD-4BD1-8854-69F1A9063F42}.Release|iPhoneSimulator.Deploy.0 = Release|Any CPU
		{F41D7231-56EB-4F81-8D7D-9EA68803F535}.Debug|Any CPU.ActiveCfg = Debug|Any CPU
		{F41D7231-56EB-4F81-8D7D-9EA68803F535}.Debug|Any CPU.Build.0 = Debug|Any CPU
		{F41D7231-56EB-4F81-8D7D-9EA68803F535}.Debug|iPhone.ActiveCfg = Debug|Any CPU
		{F41D7231-56EB-4F81-8D7D-9EA68803F535}.Debug|iPhone.Build.0 = Debug|Any CPU
		{F41D7231-56EB-4F81-8D7D-9EA68803F535}.Debug|iPhoneSimulator.ActiveCfg = Debug|Any CPU
		{F41D7231-56EB-4F81-8D7D-9EA68803F535}.Debug|iPhoneSimulator.Build.0 = Debug|Any CPU
		{F41D7231-56EB-4F81-8D7D-9EA68803F535}.Release|Any CPU.ActiveCfg = Release|Any CPU
		{F41D7231-56EB-4F81-8D7D-9EA68803F535}.Release|Any CPU.Build.0 = Release|Any CPU
		{F41D7231-56EB-4F81-8D7D-9EA68803F535}.Release|iPhone.ActiveCfg = Release|Any CPU
		{F41D7231-56EB-4F81-8D7D-9EA68803F535}.Release|iPhone.Build.0 = Release|Any CPU
		{F41D7231-56EB-4F81-8D7D-9EA68803F535}.Release|iPhoneSimulator.ActiveCfg = Release|Any CPU
		{F41D7231-56EB-4F81-8D7D-9EA68803F535}.Release|iPhoneSimulator.Build.0 = Release|Any CPU
		{47FA8C05-0EF9-474E-8902-F8460FFB09C5}.Debug|Any CPU.ActiveCfg = Debug|Any CPU
		{47FA8C05-0EF9-474E-8902-F8460FFB09C5}.Debug|Any CPU.Build.0 = Debug|Any CPU
		{47FA8C05-0EF9-474E-8902-F8460FFB09C5}.Debug|iPhone.ActiveCfg = Debug|Any CPU
		{47FA8C05-0EF9-474E-8902-F8460FFB09C5}.Debug|iPhone.Build.0 = Debug|Any CPU
		{47FA8C05-0EF9-474E-8902-F8460FFB09C5}.Debug|iPhoneSimulator.ActiveCfg = Debug|Any CPU
		{47FA8C05-0EF9-474E-8902-F8460FFB09C5}.Debug|iPhoneSimulator.Build.0 = Debug|Any CPU
		{47FA8C05-0EF9-474E-8902-F8460FFB09C5}.Release|Any CPU.ActiveCfg = Release|Any CPU
		{47FA8C05-0EF9-474E-8902-F8460FFB09C5}.Release|Any CPU.Build.0 = Release|Any CPU
		{47FA8C05-0EF9-474E-8902-F8460FFB09C5}.Release|iPhone.ActiveCfg = Release|Any CPU
		{47FA8C05-0EF9-474E-8902-F8460FFB09C5}.Release|iPhone.Build.0 = Release|Any CPU
		{47FA8C05-0EF9-474E-8902-F8460FFB09C5}.Release|iPhoneSimulator.ActiveCfg = Release|Any CPU
		{47FA8C05-0EF9-474E-8902-F8460FFB09C5}.Release|iPhoneSimulator.Build.0 = Release|Any CPU
		{A5CC46E0-2315-4920-AADD-8EC4BE2DF50D}.Debug|Any CPU.ActiveCfg = Debug|Any CPU
		{A5CC46E0-2315-4920-AADD-8EC4BE2DF50D}.Debug|Any CPU.Build.0 = Debug|Any CPU
		{A5CC46E0-2315-4920-AADD-8EC4BE2DF50D}.Debug|iPhone.ActiveCfg = Debug|Any CPU
		{A5CC46E0-2315-4920-AADD-8EC4BE2DF50D}.Debug|iPhone.Build.0 = Debug|Any CPU
		{A5CC46E0-2315-4920-AADD-8EC4BE2DF50D}.Debug|iPhoneSimulator.ActiveCfg = Debug|Any CPU
		{A5CC46E0-2315-4920-AADD-8EC4BE2DF50D}.Debug|iPhoneSimulator.Build.0 = Debug|Any CPU
		{A5CC46E0-2315-4920-AADD-8EC4BE2DF50D}.Release|Any CPU.ActiveCfg = Release|Any CPU
		{A5CC46E0-2315-4920-AADD-8EC4BE2DF50D}.Release|Any CPU.Build.0 = Release|Any CPU
		{A5CC46E0-2315-4920-AADD-8EC4BE2DF50D}.Release|iPhone.ActiveCfg = Release|Any CPU
		{A5CC46E0-2315-4920-AADD-8EC4BE2DF50D}.Release|iPhone.Build.0 = Release|Any CPU
		{A5CC46E0-2315-4920-AADD-8EC4BE2DF50D}.Release|iPhoneSimulator.ActiveCfg = Release|Any CPU
		{A5CC46E0-2315-4920-AADD-8EC4BE2DF50D}.Release|iPhoneSimulator.Build.0 = Release|Any CPU
		{D2DFCCC1-8227-4018-B435-4DD0B12EE914}.Debug|Any CPU.ActiveCfg = Debug|Any CPU
		{D2DFCCC1-8227-4018-B435-4DD0B12EE914}.Debug|Any CPU.Build.0 = Debug|Any CPU
		{D2DFCCC1-8227-4018-B435-4DD0B12EE914}.Debug|iPhone.ActiveCfg = Debug|Any CPU
		{D2DFCCC1-8227-4018-B435-4DD0B12EE914}.Debug|iPhone.Build.0 = Debug|Any CPU
		{D2DFCCC1-8227-4018-B435-4DD0B12EE914}.Debug|iPhoneSimulator.ActiveCfg = Debug|Any CPU
		{D2DFCCC1-8227-4018-B435-4DD0B12EE914}.Debug|iPhoneSimulator.Build.0 = Debug|Any CPU
		{D2DFCCC1-8227-4018-B435-4DD0B12EE914}.Release|Any CPU.ActiveCfg = Release|Any CPU
		{D2DFCCC1-8227-4018-B435-4DD0B12EE914}.Release|Any CPU.Build.0 = Release|Any CPU
		{D2DFCCC1-8227-4018-B435-4DD0B12EE914}.Release|iPhone.ActiveCfg = Release|Any CPU
		{D2DFCCC1-8227-4018-B435-4DD0B12EE914}.Release|iPhone.Build.0 = Release|Any CPU
		{D2DFCCC1-8227-4018-B435-4DD0B12EE914}.Release|iPhoneSimulator.ActiveCfg = Release|Any CPU
		{D2DFCCC1-8227-4018-B435-4DD0B12EE914}.Release|iPhoneSimulator.Build.0 = Release|Any CPU
	EndGlobalSection
	GlobalSection(SolutionProperties) = preSolution
		HideSolutionNode = FALSE
	EndGlobalSection
	GlobalSection(NestedProjects) = preSolution
		{9DBEE3E3-4A09-40CF-BA4C-80BEB6AC34B7} = {B05622B7-B9EA-41E0-9D24-CC95535F8C18}
		{3F291209-D101-4D87-9598-89F5874C6506} = {B05622B7-B9EA-41E0-9D24-CC95535F8C18}
		{D9ACF5A2-7DBD-4BD1-8854-69F1A9063F42} = {B05622B7-B9EA-41E0-9D24-CC95535F8C18}
		{D016DF96-51CA-4F4C-872E-EA432B145DBD} = {D44E34C9-A723-4D5A-AB83-E20687508E3A}
		{20B305A4-A2B1-404D-9AB6-410C0023C9CF} = {D44E34C9-A723-4D5A-AB83-E20687508E3A}
		{F41D7231-56EB-4F81-8D7D-9EA68803F535} = {B05622B7-B9EA-41E0-9D24-CC95535F8C18}
		{47FA8C05-0EF9-474E-8902-F8460FFB09C5} = {B05622B7-B9EA-41E0-9D24-CC95535F8C18}
		{A5CC46E0-2315-4920-AADD-8EC4BE2DF50D} = {B05622B7-B9EA-41E0-9D24-CC95535F8C18}
		{D2DFCCC1-8227-4018-B435-4DD0B12EE914} = {B05622B7-B9EA-41E0-9D24-CC95535F8C18}
	EndGlobalSection
	GlobalSection(ExtensibilityGlobals) = postSolution
		SolutionGuid = {044A792C-6441-41C5-B9DB-3B6872326407}
	EndGlobalSection
EndGlobal
